{
  "name": "ngrx-dictionary-reducer",
  "version": "1.0.0",
  "lockfileVersion": 1,
  "requires": true,
  "dependencies": {
    "@ngrx/entity": {
      "version": "6.1.0",
      "resolved": "https://registry.npmjs.org/@ngrx/entity/-/entity-6.1.0.tgz",
      "integrity": "sha512-hUi+ejnyCtK1vYQHq1mvrkp0mxzqvw9kxluuzOQkb89A3JruBOFBV/TwpXNo8EU+FJZ+SacZoEDadBuZKkIA5g=="
    },
    "@ngrx/store": {
      "version": "6.1.0",
      "resolved": "https://registry.npmjs.org/@ngrx/store/-/store-6.1.0.tgz",
      "integrity": "sha512-H5BGym1WtAX84/R4pTQ2MrrP87qYfXc6CoPghCZCK9LYxCodsI7KeQfpyNCg5qapxdH2EDqlHXTBJfMTLRiRGg=="
    },
    "typescript": {
      "version": "3.0.1",
      "resolved": "https://registry.npmjs.org/typescript/-/typescript-3.0.1.tgz",
      "integrity": "sha512-zQIMOmC+372pC/CCVLqnQ0zSBiY7HHodU7mpQdjiZddek4GMj31I3dUJ7gAs9o65X7mnRma6OokOkc6f9jjfBg==",
      "dev": true
    }
  }
}
